// !$*UTF8*$!
{
	archiveVersion = 1;
	classes = {
	};
	objectVersion = 77;
	objects = {

/* Begin PBXBuildFile section */
		083D824C2F55F3A400D8063E /* Assets.xcassets in Resources */ = {isa = PBXBuildFile; fileRef = 083D82482F55F3A400D8063E /* Assets.xcassets */; };
		083D825C2F55F6E300D8063E /* OfflineFirstDemoApp.swift in Sources */ = {isa = PBXBuildFile; fileRef = 083D82592F55F6E300D8063E /* OfflineFirstDemoApp.swift */; };
		083D82612F55F7A200D8063E /* Item.swift in Sources */ = {isa = PBXBuildFile; fileRef = 083D82602F55F7A200D8063E /* Item.swift */; };
		083D82652F55F86300D8063E /* ViewState.swift in Sources */ = {isa = PBXBuildFile; fileRef = 083D82642F55F86300D8063E /* ViewState.swift */; };
		083D82682F55F89600D8063E /* APIClientProtocol.swift in Sources */ = {isa = PBXBuildFile; fileRef = 083D82672F55F89600D8063E /* APIClientProtocol.swift */; };
		083D826A2F55F8A800D8063E /* NetworkError.swift in Sources */ = {isa = PBXBuildFile; fileRef = 083D82692F55F8A800D8063E /* NetworkError.swift */; };
		083D826C2F55F8BF00D8063E /* MockAPIClient.swift in Sources */ = {isa = PBXBuildFile; fileRef = 083D826B2F55F8BF00D8063E /* MockAPIClient.swift */; };
		083D826F2F55F8FA00D8063E /* FileCacheService.swift in Sources */ = {isa = PBXBuildFile; fileRef = 083D826E2F55F8FA00D8063E /* FileCacheService.swift */; };
		083D82722F55F92000D8063E /* ItemRepository.swift in Sources */ = {isa = PBXBuildFile; fileRef = 083D82712F55F92000D8063E /* ItemRepository.swift */; };
		083D82752F55F95100D8063E /* items.json in Resources */ = {isa = PBXBuildFile; fileRef = 083D82742F55F94600D8063E /* items.json */; };
		083D82792F55F9B800D8063E /* ItemListViewModel.swift in Sources */ = {isa = PBXBuildFile; fileRef = 083D82782F55F9B800D8063E /* ItemListViewModel.swift */; };
		083D827B2F55F9CB00D8063E /* ItemListView.swift in Sources */ = {isa = PBXBuildFile; fileRef = 083D827A2F55F9CB00D8063E /* ItemListView.swift */; };
		083D827E2F55FA5A00D8063E /* ItemDetailViewModel.swift in Sources */ = {isa = PBXBuildFile; fileRef = 083D827D2F55FA5A00D8063E /* ItemDetailViewModel.swift */; };
		083D82802F55FA6400D8063E /* ItemDetailView.swift in Sources */ = {isa = PBXBuildFile; fileRef = 083D827F2F55FA6400D8063E /* ItemDetailView.swift */; };
		08F1AA002F7BCD49002580E9 /* NetworkMonitor.swift in Sources */ = {isa = PBXBuildFile; fileRef = 08F1A9FF2F7BCD49002580E9 /* NetworkMonitor.swift */; };
		08FFC00C2F57094300B274B5 /* MockSuccessAPIClient.swift in Sources */ = {isa = PBXBuildFile; fileRef = 08FFC00B2F57094300B274B5 /* MockSuccessAPIClient.swift */; };
		08FFC00E2F57095000B274B5 /* MockFailingAPIClient.swift in Sources */ = {isa = PBXBuildFile; fileRef = 08FFC00D2F57095000B274B5 /* MockFailingAPIClient.swift */; };
		08FFC0102F57096800B274B5 /* RepositoryTests.swift in Sources */ = {isa = PBXBuildFile; fileRef = 08FFC00F2F57096800B274B5 /* RepositoryTests.swift */; };
		08FFC0122F57098800B274B5 /* CacheTests.swift in Sources */ = {isa = PBXBuildFile; fileRef = 08FFC0112F57098800B274B5 /* CacheTests.swift */; };
		08FFC0142F57099800B274B5 /* ViewModelTests.swift in Sources */ = {isa = PBXBuildFile; fileRef = 08FFC0132F57099800B274B5 /* ViewModelTests.swift */; };
/* End PBXBuildFile section */

/* Begin PBXContainerItemProxy section */
		083D822C2F55F38C00D8063E /* PBXContainerItemProxy */ = {
			isa = PBXContainerItemProxy;
			containerPortal = 083D82162F55F38A00D8063E /* Project object */;
			proxyType = 1;
			remoteGlobalIDString = 083D821D2F55F38A00D8063E;
			remoteInfo = OfflineFirstDemo;
		};
		083D82362F55F38C00D8063E /* PBXContainerItemProxy */ = {
			isa = PBXContainerItemProxy;
			containerPortal = 083D82162F55F38A00D8063E /* Project object */;
			proxyType = 1;
			remoteGlobalIDString = 083D821D2F55F38A00D8063E;
			remoteInfo = OfflineFirstDemo;
		};
/* End PBXContainerItemProxy section */

/* Begin PBXFileReference section */
		083D821E2F55F38A00D8063E /* OfflineFirstDemo.app */ = {isa = PBXFileReference; explicitFileType = wrapper.application; includeInIndex = 0; path = OfflineFirstDemo.app; sourceTree = BUILT_PRODUCTS_DIR; };
		083D822B2F55F38C00D8063E /* OfflineFirstDemoTests.xctest */ = {isa = PBXFileReference; explicitFileType = wrapper.cfbundle; includeInIndex = 0; path = OfflineFirstDemoTests.xctest; sourceTree = BUILT_PRODUCTS_DIR; };
		083D82352F55F38C00D8063E /* OfflineFirstDemoUITests.xctest */ = {isa = PBXFileReference; explicitFileType = wrapper.cfbundle; includeInIndex = 0; path = OfflineFirstDemoUITests.xctest; sourceTree = BUILT_PRODUCTS_DIR; };
		083D82482F55F3A400D8063E /* Assets.xcassets */ = {isa = PBXFileReference; lastKnownFileType = folder.assetcatalog; path = Assets.xcassets; sourceTree = "<group>"; };
		083D82592F55F6E300D8063E /* OfflineFirstDemoApp.swift */ = {isa = PBXFileReference; lastKnownFileType = sourcecode.swift; path = OfflineFirstDemoApp.swift; sourceTree = "<group>"; };
		083D82602F55F7A200D8063E /* Item.swift */ = {isa = PBXFileReference; lastKnownFileType = sourcecode.swift; path = Item.swift; sourceTree = "<group>"; };
		083D82642F55F86300D8063E /* ViewState.swift */ = {isa = PBXFileReference; lastKnownFileType = sourcecode.swift; path = ViewState.swift; sourceTree = "<group>"; };
		083D82672F55F89600D8063E /* APIClientProtocol.swift */ = {isa = PBXFileReference; lastKnownFileType = sourcecode.swift; path = APIClientProtocol.swift; sourceTree = "<group>"; };
		083D82692F55F8A800D8063E /* NetworkError.swift */ = {isa = PBXFileReference; lastKnownFileType = sourcecode.swift; path = NetworkError.swift; sourceTree = "<group>"; };
		083D826B2F55F8BF00D8063E /* MockAPIClient.swift */ = {isa = PBXFileReference; lastKnownFileType = sourcecode.swift; path = MockAPIClient.swift; sourceTree = "<group>"; };
		083D826E2F55F8FA00D8063E /* FileCacheService.swift */ = {isa = PBXFileReference; lastKnownFileType = sourcecode.swift; path = FileCacheService.swift; sourceTree = "<group>"; };
		083D82712F55F92000D8063E /* ItemRepository.swift */ = {isa = PBXFileReference; lastKnownFileType = sourcecode.swift; path = ItemRepository.swift; sourceTree = "<group>"; };
		083D82742F55F94600D8063E /* items.json */ = {isa = PBXFileReference; lastKnownFileType = text.json; path = items.json; sourceTree = "<group>"; };
		083D82782F55F9B800D8063E /* ItemListViewModel.swift */ = {isa = PBXFileReference; lastKnownFileType = sourcecode.swift; path = ItemListViewModel.swift; sourceTree = "<group>"; };
		083D827A2F55F9CB00D8063E /* ItemListView.swift */ = {isa = PBXFileReference; lastKnownFileType = sourcecode.swift; path = ItemListView.swift; sourceTree = "<group>"; };
		083D827D2F55FA5A00D8063E /* ItemDetailViewModel.swift */ = {isa = PBXFileReference; lastKnownFileType = sourcecode.swift; path = ItemDetailViewModel.swift; sourceTree = "<group>"; };
		083D827F2F55FA6400D8063E /* ItemDetailView.swift */ = {isa = PBXFileReference; lastKnownFileType = sourcecode.swift; path = ItemDetailView.swift; sourceTree = "<group>"; };
		08F1A9FF2F7BCD49002580E9 /* NetworkMonitor.swift */ = {isa = PBXFileReference; lastKnownFileType = sourcecode.swift; path = NetworkMonitor.swift; sourceTree = "<group>"; };
		08FFC00B2F57094300B274B5 /* MockSuccessAPIClient.swift */ = {isa = PBXFileReference; lastKnownFileType = sourcecode.swift; path = MockSuccessAPIClient.swift; sourceTree = "<group>"; };
		08FFC00D2F57095000B274B5 /* MockFailingAPIClient.swift */ = {isa = PBXFileReference; lastKnownFileType = sourcecode.swift; path = MockFailingAPIClient.swift; sourceTree = "<group>"; };
		08FFC00F2F57096800B274B5 /* RepositoryTests.swift */ = {isa = PBXFileReference; lastKnownFileType = sourcecode.swift; path = RepositoryTests.swift; sourceTree = "<group>"; };
		08FFC0112F57098800B274B5 /* CacheTests.swift */ = {isa = PBXFileReference; lastKnownFileType = sourcecode.swift; path = CacheTests.swift; sourceTree = "<group>"; };
		08FFC0132F57099800B274B5 /* ViewModelTests.swift */ = {isa = PBXFileReference; lastKnownFileType = sourcecode.swift; path = ViewModelTests.swift; sourceTree = "<group>"; };
/* End PBXFileReference section */

/* Begin PBXFrameworksBuildPhase section */
		083D821B2F55F38A00D8063E /* Frameworks */ = {
			isa = PBXFrameworksBuildPhase;
			buildActionMask = 2147483647;
			files = (
			);
			runOnlyForDeploymentPostprocessing = 0;
		};
		083D82282F55F38C00D8063E /* Frameworks */ = {
			isa = PBXFrameworksBuildPhase;
			buildActionMask = 2147483647;
			files = (
			);
			runOnlyForDeploymentPostprocessing = 0;
		};
		083D82322F55F38C00D8063E /* Frameworks */ = {
			isa = PBXFrameworksBuildPhase;
			buildActionMask = 2147483647;
			files = (
			);
			runOnlyForDeploymentPostprocessing = 0;
		};
/* End PBXFrameworksBuildPhase section */

/* Begin PBXGroup section */
		083D82152F55F38A00D8063E = {
			isa = PBXGroup;
			children = (
				083D824B2F55F3A400D8063E /* OfflineFirstDemo */,
				083D82502F55F3AA00D8063E /* OfflineFirstDemoTests */,
				083D821F2F55F38A00D8063E /* Products */,
			);
			sourceTree = "<group>";
		};
		083D821F2F55F38A00D8063E /* Products */ = {
			isa = PBXGroup;
			children = (
				083D821E2F55F38A00D8063E /* OfflineFirstDemo.app */,
				083D822B2F55F38C00D8063E /* OfflineFirstDemoTests.xctest */,
				083D82352F55F38C00D8063E /* OfflineFirstDemoUITests.xctest */,
			);
			name = Products;
			sourceTree = "<group>";
		};
		083D824B2F55F3A400D8063E /* OfflineFirstDemo */ = {
			isa = PBXGroup;
			children = (
				083D825A2F55F6E300D8063E /* App */,
				083D82622F55F7C000D8063E /* Core */,
				083D825E2F55F78A00D8063E /* Data */,
				083D82762F55F99600D8063E /* Features */,
				083D825D2F55F6F200D8063E /* Resources */,
			);
			path = OfflineFirstDemo;
			sourceTree = "<group>";
		};
		083D82502F55F3AA00D8063E /* OfflineFirstDemoTests */ = {
			isa = PBXGroup;
			children = (
				08FFC00A2F57091500B274B5 /* Mocks */,
				08FFC00F2F57096800B274B5 /* RepositoryTests.swift */,
				08FFC0112F57098800B274B5 /* CacheTests.swift */,
				08FFC0132F57099800B274B5 /* ViewModelTests.swift */,
			);
			path = OfflineFirstDemoTests;
			sourceTree = "<group>";
		};
		083D825A2F55F6E300D8063E /* App */ = {
			isa = PBXGroup;
			children = (
				083D82592F55F6E300D8063E /* OfflineFirstDemoApp.swift */,
			);
			path = App;
			sourceTree = "<group>";
		};
		083D825D2F55F6F200D8063E /* Resources */ = {
			isa = PBXGroup;
			children = (
				083D82482F55F3A400D8063E /* Assets.xcassets */,
				083D82732F55F93200D8063E /* MockData */,
			);
			path = Resources;
			sourceTree = "<group>";
		};
		083D825E2F55F78A00D8063E /* Data */ = {
			isa = PBXGroup;
			children = (
				083D825F2F55F79000D8063E /* Models */,
				083D82702F55F90D00D8063E /* Repository */,
			);
			path = Data;
			sourceTree = "<group>";
		};
		083D825F2F55F79000D8063E /* Models */ = {
			isa = PBXGroup;
			children = (
				083D82602F55F7A200D8063E /* Item.swift */,
			);
			path = Models;
			sourceTree = "<group>";
		};
		083D82622F55F7C000D8063E /* Core */ = {
			isa = PBXGroup;
			children = (
				083D82662F55F87A00D8063E /* Network */,
				083D826D2F55F8D600D8063E /* Cache */,
				083D82632F55F7C700D8063E /* Utilities */,
			);
			path = Core;
			sourceTree = "<group>";
		};
		083D82632F55F7C700D8063E /* Utilities */ = {
			isa = PBXGroup;
			children = (
				083D82642F55F86300D8063E /* ViewState.swift */,
			);
			path = Utilities;
			sourceTree = "<group>";
		};
		083D82662F55F87A00D8063E /* Network */ = {
			isa = PBXGroup;
			children = (
				083D82672F55F89600D8063E /* APIClientProtocol.swift */,
				083D826B2F55F8BF00D8063E /* MockAPIClient.swift */,
				083D82692F55F8A800D8063E /* NetworkError.swift */,
				08F1A9FF2F7BCD49002580E9 /* NetworkMonitor.swift */,
			);
			path = Network;
			sourceTree = "<group>";
		};
		083D826D2F55F8D600D8063E /* Cache */ = {
			isa = PBXGroup;
			children = (
				083D826E2F55F8FA00D8063E /* FileCacheService.swift */,
			);
			path = Cache;
			sourceTree = "<group>";
		};
		083D82702F55F90D00D8063E /* Repository */ = {
			isa = PBXGroup;
			children = (
				083D82712F55F92000D8063E /* ItemRepository.swift */,
			);
			path = Repository;
			sourceTree = "<group>";
		};
		083D82732F55F93200D8063E /* MockData */ = {
			isa = PBXGroup;
			children = (
				083D82742F55F94600D8063E /* items.json */,
			);
			path = MockData;
			sourceTree = "<group>";
		};
		083D82762F55F99600D8063E /* Features */ = {
			isa = PBXGroup;
			children = (
				083D82772F55F9AA00D8063E /* ItemList */,
				083D827C2F55F9DE00D8063E /* ItemDetail */,
			);
			path = Features;
			sourceTree = "<group>";
		};
		083D82772F55F9AA00D8063E /* ItemList */ = {
			isa = PBXGroup;
			children = (
				083D827A2F55F9CB00D8063E /* ItemListView.swift */,
				083D82782F55F9B800D8063E /* ItemListViewModel.swift */,
			);
			path = ItemList;
			sourceTree = "<group>";
		};
		083D827C2F55F9DE00D8063E /* ItemDetail */ = {
			isa = PBXGroup;
			children = (
				083D827F2F55FA6400D8063E /* ItemDetailView.swift */,
				083D827D2F55FA5A00D8063E /* ItemDetailViewModel.swift */,
			);
			path = ItemDetail;
			sourceTree = "<group>";
		};
		08FFC00A2F57091500B274B5 /* Mocks */ = {
			isa = PBXGroup;
			children = (
				08FFC00B2F57094300B274B5 /* MockSuccessAPIClient.swift */,
				08FFC00D2F57095000B274B5 /* MockFailingAPIClient.swift */,
			);
			path = Mocks;
			sourceTree = "<group>";
		};
/* End PBXGroup section */

/* Begin PBXNativeTarget section */
		083D821D2F55F38A00D8063E /* OfflineFirstDemo */ = {
			isa = PBXNativeTarget;
			buildConfigurationList = 083D823F2F55F38C00D8063E /* Build configuration list for PBXNativeTarget "OfflineFirstDemo" */;
			buildPhases = (
				083D821A2F55F38A00D8063E /* Sources */,
				083D821B2F55F38A00D8063E /* Frameworks */,
				083D821C2F55F38A00D8063E /* Resources */,
			);
			buildRules = (
			);
			dependencies = (
			);
			name = OfflineFirstDemo;
			packageProductDependencies = (
			);
			productName = OfflineFirstDemo;
			productReference = 083D821E2F55F38A00D8063E /* OfflineFirstDemo.app */;
			productType = "com.apple.product-type.application";
		};
		083D822A2F55F38C00D8063E /* OfflineFirstDemoTests */ = {
			isa = PBXNativeTarget;
			buildConfigurationList = 083D82422F55F38C00D8063E /* Build configuration list for PBXNativeTarget "OfflineFirstDemoTests" */;
			buildPhases = (
				083D82272F55F38C00D8063E /* Sources */,
				083D82282F55F38C00D8063E /* Frameworks */,
				083D82292F55F38C00D8063E /* Resources */,
			);
			buildRules = (
			);
			dependencies = (
				083D822D2F55F38C00D8063E /* PBXTargetDependency */,
			);
			name = OfflineFirstDemoTests;
			packageProductDependencies = (
			);
			productName = OfflineFirstDemoTests;
			productReference = 083D822B2F55F38C00D8063E /* OfflineFirstDemoTests.xctest */;
			productType = "com.apple.product-type.bundle.unit-test";
		};
		083D82342F55F38C00D8063E /* OfflineFirstDemoUITests */ = {
			isa = PBXNativeTarget;
			buildConfigurationList = 083D82452F55F38C00D8063E /* Build configuration list for PBXNativeTarget "OfflineFirstDemoUITests" */;
			buildPhases = (
				083D82312F55F38C00D8063E /* Sources */,
				083D82322F55F38C00D8063E /* Frameworks */,
				083D82332F55F38C00D8063E /* Resources */,
			);
			buildRules = (
			);
			dependencies = (
				083D82372F55F38C00D8063E /* PBXTargetDependency */,
			);
			name = OfflineFirstDemoUITests;
			packageProductDependencies = (
			);
			productName = OfflineFirstDemoUITests;
			productReference = 083D82352F55F38C00D8063E /* OfflineFirstDemoUITests.xctest */;
			productType = "com.apple.product-type.bundle.ui-testing";
		};
/* End PBXNativeTarget section */

/* Begin PBXProject section */
		083D82162F55F38A00D8063E /* Project object */ = {
			isa = PBXProject;
			attributes = {
				BuildIndependentTargetsInParallel = 1;
				LastSwiftUpdateCheck = 1640;
				LastUpgradeCheck = 1640;
				TargetAttributes = {
					083D821D2F55F38A00D8063E = {
						CreatedOnToolsVersion = 16.4;
					};
					083D822A2F55F38C00D8063E = {
						CreatedOnToolsVersion = 16.4;
						TestTargetID = 083D821D2F55F38A00D8063E;
					};
					083D82342F55F38C00D8063E = {
						CreatedOnToolsVersion = 16.4;
						TestTargetID = 083D821D2F55F38A00D8063E;
					};
				};
			};
			buildConfigurationList = 083D82192F55F38A00D8063E /* Build configuration list for PBXProject "OfflineFirstDemo" */;
			developmentRegion = en;
			hasScannedForEncodings = 0;
			knownRegions = (
				en,
				Base,
			);
			mainGroup = 083D82152F55F38A00D8063E;
			minimizedProjectReferenceProxies = 1;
			preferredProjectObjectVersion = 77;
			productRefGroup = 083D821F2F55F38A00D8063E /* Products */;
			projectDirPath = "";
			projectRoot = "";
			targets = (
				083D821D2F55F38A00D8063E /* OfflineFirstDemo */,
				083D822A2F55F38C00D8063E /* OfflineFirstDemoTests */,
				083D82342F55F38C00D8063E /* OfflineFirstDemoUITests */,
			);
		};
/* End PBXProject section */

/* Begin PBXResourcesBuildPhase section */
		083D821C2F55F38A00D8063E /* Resources */ = {
			isa = PBXResourcesBuildPhase;
			buildActionMask = 2147483647;
			files = (
				083D82752F55F95100D8063E /* items.json in Resources */,
				083D824C2F55F3A400D8063E /* Assets.xcassets in Resources */,
			);
			runOnlyForDeploymentPostprocessing = 0;
		};
		083D82292F55F38C00D8063E /* Resources */ = {
			isa = PBXResourcesBuildPhase;
			buildActionMask = 2147483647;
			files = (
			);
			runOnlyForDeploymentPostprocessing = 0;
		};
		083D82332F55F38C00D8063E /* Resources */ = {
			isa = PBXResourcesBuildPhase;
			buildActionMask = 2147483647;
			files = (
			);
			runOnlyForDeploymentPostprocessing = 0;
		};
/* End PBXResourcesBuildPhase section */

/* Begin PBXSourcesBuildPhase section */
		083D821A2F55F38A00D8063E /* Sources */ = {
			isa = PBXSourcesBuildPhase;
			buildActionMask = 2147483647;
			files = (
				083D82612F55F7A200D8063E /* Item.swift in Sources */,
				083D82682F55F89600D8063E /* APIClientProtocol.swift in Sources */,
				083D82722F55F92000D8063E /* ItemRepository.swift in Sources */,
				083D826C2F55F8BF00D8063E /* MockAPIClient.swift in Sources */,
				083D826A2F55F8A800D8063E /* NetworkError.swift in Sources */,
				083D82652F55F86300D8063E /* ViewState.swift in Sources */,
				083D827B2F55F9CB00D8063E /* ItemListView.swift in Sources */,
				083D82792F55F9B800D8063E /* ItemListViewModel.swift in Sources */,
				083D826F2F55F8FA00D8063E /* FileCacheService.swift in Sources */,
				08F1AA002F7BCD49002580E9 /* NetworkMonitor.swift in Sources */,
				083D82802F55FA6400D8063E /* ItemDetailView.swift in Sources */,
				083D827E2F55FA5A00D8063E /* ItemDetailViewModel.swift in Sources */,
				083D825C2F55F6E300D8063E /* OfflineFirstDemoApp.swift in Sources */,
			);
			runOnlyForDeploymentPostprocessing = 0;
		};
		083D82272F55F38C00D8063E /* Sources */ = {
			isa = PBXSourcesBuildPhase;
			buildActionMask = 2147483647;
			files = (
				08FFC00E2F57095000B274B5 /* MockFailingAPIClient.swift in Sources */,
				08FFC0142F57099800B274B5 /* ViewModelTests.swift in Sources */,
				08FFC00C2F57094300B274B5 /* MockSuccessAPIClient.swift in Sources */,
				08FFC0102F57096800B274B5 /* RepositoryTests.swift in Sources */,
				08FFC0122F57098800B274B5 /* CacheTests.swift in Sources */,
			);
			runOnlyForDeploymentPostprocessing = 0;
		};
		083D82312F55F38C00D8063E /* Sources */ = {
			isa = PBXSourcesBuildPhase;
			buildActionMask = 2147483647;
			files = (
			);
			runOnlyForDeploymentPostprocessing = 0;
		};
/* End PBXSourcesBuildPhase section */

/* Begin PBXTargetDependency section */
		083D822D2F55F38C00D8063E /* PBXTargetDependency */ = {
			isa = PBXTargetDependency;
			target = 083D821D2F55F38A00D8063E /* OfflineFirstDemo */;
			targetProxy = 083D822C2F55F38C00D8063E /* PBXContainerItemProxy */;
		};
		083D82372F55F38C00D8063E /* PBXTargetDependency */ = {
			isa = PBXTargetDependency;
			target = 083D821D2F55F38A00D8063E /* OfflineFirstDemo */;
			targetProxy = 083D82362F55F38C00D8063E /* PBXContainerItemProxy */;
		};
/* End PBXTargetDependency section */

/* Begin XCBuildConfiguration section */
		083D823D2F55F38C00D8063E /* Debug */ = {
			isa = XCBuildConfiguration;
			buildSettings = {
				ALWAYS_SEARCH_USER_PATHS = NO;
				ASSETCATALOG_COMPILER_GENERATE_SWIFT_ASSET_SYMBOL_EXTENSIONS = YES;
				CLANG_ANALYZER_NONNULL = YES;
				CLANG_ANALYZER_NUMBER_OBJECT_CONVERSION = YES_AGGRESSIVE;
				CLANG_CXX_LANGUAGE_STANDARD = "gnu++20";
				CLANG_ENABLE_MODULES = YES;
				CLANG_ENABLE_OBJC_ARC = YES;
				CLANG_ENABLE_OBJC_WEAK = YES;
				CLANG_WARN_BLOCK_CAPTURE_AUTORELEASING = YES;
				CLANG_WARN_BOOL_CONVERSION = YES;
				CLANG_WARN_COMMA = YES;
				CLANG_WARN_CONSTANT_CONVERSION = YES;
				CLANG_WARN_DEPRECATED_OBJC_IMPLEMENTATIONS = YES;
				CLANG_WARN_DIRECT_OBJC_ISA_USAGE = YES_ERROR;
				CLANG_WARN_DOCUMENTATION_COMMENTS = YES;
				CLANG_WARN_EMPTY_BODY = YES;
				CLANG_WARN_ENUM_CONVERSION = YES;
				CLANG_WARN_INFINITE_RECURSION = YES;
				CLANG_WARN_INT_CONVERSION = YES;
				CLANG_WARN_NON_LITERAL_NULL_CONVERSION = YES;
				CLANG_WARN_OBJC_IMPLICIT_RETAIN_SELF = YES;
				CLANG_WARN_OBJC_LITERAL_CONVERSION = YES;
				CLANG_WARN_OBJC_ROOT_CLASS = YES_ERROR;
				CLANG_WARN_QUOTED_INCLUDE_IN_FRAMEWORK_HEADER = YES;
				CLANG_WARN_RANGE_LOOP_ANALYSIS = YES;
				CLANG_WARN_STRICT_PROTOTYPES = YES;
				CLANG_WARN_SUSPICIOUS_MOVE = YES;
				CLANG_WARN_UNGUARDED_AVAILABILITY = YES_AGGRESSIVE;
				CLANG_WARN_UNREACHABLE_CODE = YES;
				CLANG_WARN__DUPLICATE_METHOD_MATCH = YES;
				COPY_PHASE_STRIP = NO;
				DEBUG_INFORMATION_FORMAT = dwarf;
				DEVELOPMENT_TEAM = NMLRRB2Z6A;
				ENABLE_STRICT_OBJC_MSGSEND = YES;
				ENABLE_TESTABILITY = YES;
				ENABLE_USER_SCRIPT_SANDBOXING = YES;
				GCC_C_LANGUAGE_STANDARD = gnu17;
				GCC_DYNAMIC_NO_PIC = NO;
				GCC_NO_COMMON_BLOCKS = YES;
				GCC_OPTIMIZATION_LEVEL = 0;
				GCC_PREPROCESSOR_DEFINITIONS = (
					"DEBUG=1",
					"$(inherited)",
				);
				GCC_WARN_64_TO_32_BIT_CONVERSION = YES;
				GCC_WARN_ABOUT_RETURN_TYPE = YES_ERROR;
				GCC_WARN_UNDECLARED_SELECTOR = YES;
				GCC_WARN_UNINITIALIZED_AUTOS = YES_AGGRESSIVE;
				GCC_WARN_UNUSED_FUNCTION = YES;
				GCC_WARN_UNUSED_VARIABLE = YES;
				IPHONEOS_DEPLOYMENT_TARGET = 18.5;
				LOCALIZATION_PREFERS_STRING_CATALOGS = YES;
				MTL_ENABLE_DEBUG_INFO = INCLUDE_SOURCE;
				MTL_FAST_MATH = YES;
				ONLY_ACTIVE_ARCH = YES;
				SDKROOT = iphoneos;
				SWIFT_ACTIVE_COMPILATION_CONDITIONS = "DEBUG $(inherited)";
				SWIFT_OPTIMIZATION_LEVEL = "-Onone";
			};
			name = Debug;
		};
		083D823E2F55F38C00D8063E /* Release */ = {
			isa = XCBuildConfiguration;
			buildSettings = {
				ALWAYS_SEARCH_USER_PATHS = NO;
				ASSETCATALOG_COMPILER_GENERATE_SWIFT_ASSET_SYMBOL_EXTENSIONS = YES;
				CLANG_ANALYZER_NONNULL = YES;
				CLANG_ANALYZER_NUMBER_OBJECT_CONVERSION = YES_AGGRESSIVE;
				CLANG_CXX_LANGUAGE_STANDARD = "gnu++20";
				CLANG_ENABLE_MODULES = YES;
				CLANG_ENABLE_OBJC_ARC = YES;
				CLANG_ENABLE_OBJC_WEAK = YES;
				CLANG_WARN_BLOCK_CAPTURE_AUTORELEASING = YES;
				CLANG_WARN_BOOL_CONVERSION = YES;
				CLANG_WARN_COMMA = YES;
				CLANG_WARN_CONSTANT_CONVERSION = YES;
				CLANG_WARN_DEPRECATED_OBJC_IMPLEMENTATIONS = YES;
				CLANG_WARN_DIRECT_OBJC_ISA_USAGE = YES_ERROR;
				CLANG_WARN_DOCUMENTATION_COMMENTS = YES;
				CLANG_WARN_EMPTY_BODY = YES;
				CLANG_WARN_ENUM_CONVERSION = YES;
				CLANG_WARN_INFINITE_RECURSION = YES;
				CLANG_WARN_INT_CONVERSION = YES;
				CLANG_WARN_NON_LITERAL_NULL_CONVERSION = YES;
				CLANG_WARN_OBJC_IMPLICIT_RETAIN_SELF = YES;
				CLANG_WARN_OBJC_LITERAL_CONVERSION = YES;
				CLANG_WARN_OBJC_ROOT_CLASS = YES_ERROR;
				CLANG_WARN_QUOTED_INCLUDE_IN_FRAMEWORK_HEADER = YES;
				CLANG_WARN_RANGE_LOOP_ANALYSIS = YES;
				CLANG_WARN_STRICT_PROTOTYPES = YES;
				CLANG_WARN_SUSPICIOUS_MOVE = YES;
				CLANG_WARN_UNGUARDED_AVAILABILITY = YES_AGGRESSIVE;
				CLANG_WARN_UNREACHABLE_CODE = YES;
				CLANG_WARN__DUPLICATE_METHOD_MATCH = YES;
				COPY_PHASE_STRIP = NO;
				DEBUG_INFORMATION_FORMAT = "dwarf-with-dsym";
				DEVELOPMENT_TEAM = NMLRRB2Z6A;
				ENABLE_NS_ASSERTIONS = NO;
				ENABLE_STRICT_OBJC_MSGSEND = YES;
				ENABLE_USER_SCRIPT_SANDBOXING = YES;
				GCC_C_LANGUAGE_STANDARD = gnu17;
				GCC_NO_COMMON_BLOCKS = YES;
				GCC_WARN_64_TO_32_BIT_CONVERSION = YES;
				GCC_WARN_ABOUT_RETURN_TYPE = YES_ERROR;
				GCC_WARN_UNDECLARED_SELECTOR = YES;
				GCC_WARN_UNINITIALIZED_AUTOS = YES_AGGRESSIVE;
				GCC_WARN_UNUSED_FUNCTION = YES;
				GCC_WARN_UNUSED_VARIABLE = YES;
				IPHONEOS_DEPLOYMENT_TARGET = 18.5;
				LOCALIZATION_PREFERS_STRING_CATALOGS = YES;
				MTL_ENABLE_DEBUG_INFO = NO;
				MTL_FAST_MATH = YES;
				SDKROOT = iphoneos;
				SWIFT_COMPILATION_MODE = wholemodule;
				VALIDATE_PRODUCT = YES;
			};
			name = Release;
		};
		083D82402F55F38C00D8063E /* Debug */ = {
			isa = XCBuildConfiguration;
			buildSettings = {
				ASSETCATALOG_COMPILER_APPICON_NAME = AppIcon;
				ASSETCATALOG_COMPILER_GLOBAL_ACCENT_COLOR_NAME = AccentColor;
				CODE_SIGN_STYLE = Automatic;
				CURRENT_PROJECT_VERSION = 1;
				DEVELOPMENT_TEAM = NMLRRB2Z6A;
				ENABLE_PREVIEWS = YES;
				GENERATE_INFOPLIST_FILE = YES;
				INFOPLIST_KEY_UIApplicationSceneManifest_Generation = YES;
				INFOPLIST_KEY_UIApplicationSupportsIndirectInputEvents = YES;
				INFOPLIST_KEY_UILaunchScreen_Generation = YES;
				INFOPLIST_KEY_UISupportedInterfaceOrientations_iPad = "UIInterfaceOrientationPortrait UIInterfaceOrientationPortraitUpsideDown UIInterfaceOrientationLandscapeLeft UIInterfaceOrientationLandscapeRight";
				INFOPLIST_KEY_UISupportedInterfaceOrientations_iPhone = "UIInterfaceOrientationPortrait UIInterfaceOrientationLandscapeLeft UIInterfaceOrientationLandscapeRight";
				IPHONEOS_DEPLOYMENT_TARGET = 16.0;
				LD_RUNPATH_SEARCH_PATHS = (
					"$(inherited)",
					"@executable_path/Frameworks",
				);
				MARKETING_VERSION = 1.0;
				PRODUCT_BUNDLE_IDENTIFIER = com.test.OfflineFirstDemo;
				PRODUCT_NAME = "$(TARGET_NAME)";
				SWIFT_EMIT_LOC_STRINGS = YES;
				SWIFT_VERSION = 5.0;
				TARGETED_DEVICE_FAMILY = "1,2";
			};
			name = Debug;
		};
		083D82412F55F38C00D8063E /* Release */ = {
			isa = XCBuildConfiguration;
			buildSettings = {
				ASSETCATALOG_COMPILER_APPICON_NAME = AppIcon;
				ASSETCATALOG_COMPILER_GLOBAL_ACCENT_COLOR_NAME = AccentColor;
				CODE_SIGN_STYLE = Automatic;
				CURRENT_PROJECT_VERSION = 1;
				DEVELOPMENT_TEAM = NMLRRB2Z6A;
				ENABLE_PREVIEWS = YES;
				GENERATE_INFOPLIST_FILE = YES;
				INFOPLIST_KEY_UIApplicationSceneManifest_Generation = YES;
				INFOPLIST_KEY_UIApplicationSupportsIndirectInputEvents = YES;
				INFOPLIST_KEY_UILaunchScreen_Generation = YES;
				INFOPLIST_KEY_UISupportedInterfaceOrientations_iPad = "UIInterfaceOrientationPortrait UIInterfaceOrientationPortraitUpsideDown UIInterfaceOrientationLandscapeLeft UIInterfaceOrientationLandscapeRight";
				INFOPLIST_KEY_UISupportedInterfaceOrientations_iPhone = "UIInterfaceOrientationPortrait UIInterfaceOrientationLandscapeLeft UIInterfaceOrientationLandscapeRight";
				IPHONEOS_DEPLOYMENT_TARGET = 16.0;
				LD_RUNPATH_SEARCH_PATHS = (
					"$(inherited)",
					"@executable_path/Frameworks",
				);
				MARKETING_VERSION = 1.0;
				PRODUCT_BUNDLE_IDENTIFIER = com.test.OfflineFirstDemo;
				PRODUCT_NAME = "$(TARGET_NAME)";
				SWIFT_EMIT_LOC_STRINGS = YES;
				SWIFT_VERSION = 5.0;
				TARGETED_DEVICE_FAMILY = "1,2";
			};
			name = Release;
		};
		083D82432F55F38C00D8063E /* Debug */ = {
			isa = XCBuildConfiguration;
			buildSettings = {
				BUNDLE_LOADER = "$(TEST_HOST)";
				CODE_SIGN_STYLE = Automatic;
				CURRENT_PROJECT_VERSION = 1;
				DEVELOPMENT_TEAM = NMLRRB2Z6A;
				GENERATE_INFOPLIST_FILE = YES;
				IPHONEOS_DEPLOYMENT_TARGET = 16.0;
				MARKETING_VERSION = 1.0;
				PRODUCT_BUNDLE_IDENTIFIER = com.test.OfflineFirstDemoTests;
				PRODUCT_NAME = "$(TARGET_NAME)";
				SWIFT_EMIT_LOC_STRINGS = NO;
				SWIFT_VERSION = 5.0;
				TARGETED_DEVICE_FAMILY = "1,2";
				TEST_HOST = "$(BUILT_PRODUCTS_DIR)/OfflineFirstDemo.app/$(BUNDLE_EXECUTABLE_FOLDER_PATH)/OfflineFirstDemo";
			};
			name = Debug;
		};
		083D82442F55F38C00D8063E /* Release */ = {
			isa = XCBuildConfiguration;
			buildSettings = {
				BUNDLE_LOADER = "$(TEST_HOST)";
				CODE_SIGN_STYLE = Automatic;
				CURRENT_PROJECT_VERSION = 1;
				DEVELOPMENT_TEAM = NMLRRB2Z6A;
				GENERATE_INFOPLIST_FILE = YES;
				IPHONEOS_DEPLOYMENT_TARGET = 16.0;
				MARKETING_VERSION = 1.0;
				PRODUCT_BUNDLE_IDENTIFIER = com.test.OfflineFirstDemoTests;
				PRODUCT_NAME = "$(TARGET_NAME)";
				SWIFT_EMIT_LOC_STRINGS = NO;
				SWIFT_VERSION = 5.0;
				TARGETED_DEVICE_FAMILY = "1,2";
				TEST_HOST = "$(BUILT_PRODUCTS_DIR)/OfflineFirstDemo.app/$(BUNDLE_EXECUTABLE_FOLDER_PATH)/OfflineFirstDemo";
			};
			name = Release;
		};
		083D82462F55F38C00D8063E /* Debug */ = {
			isa = XCBuildConfiguration;
			buildSettings = {
				CODE_SIGN_STYLE = Automatic;
				CURRENT_PROJECT_VERSION = 1;
				DEVELOPMENT_TEAM = NMLRRB2Z6A;
				GENERATE_INFOPLIST_FILE = YES;
				MARKETING_VERSION = 1.0;
				PRODUCT_BUNDLE_IDENTIFIER = com.test.OfflineFirstDemoUITests;
				PRODUCT_NAME = "$(TARGET_NAME)";
				SWIFT_EMIT_LOC_STRINGS = NO;
				SWIFT_VERSION = 5.0;
				TARGETED_DEVICE_FAMILY = "1,2";
				TEST_TARGET_NAME = OfflineFirstDemo;
			};
			name = Debug;
		};
		083D82472F55F38C00D8063E /* Release */ = {
			isa = XCBuildConfiguration;
			buildSettings = {
				CODE_SIGN_STYLE = Automatic;
				CURRENT_PROJECT_VERSION = 1;
				DEVELOPMENT_TEAM = NMLRRB2Z6A;
				GENERATE_INFOPLIST_FILE = YES;
				MARKETING_VERSION = 1.0;
				PRODUCT_BUNDLE_IDENTIFIER = com.test.OfflineFirstDemoUITests;
				PRODUCT_NAME = "$(TARGET_NAME)";
				SWIFT_EMIT_LOC_STRINGS = NO;
				SWIFT_VERSION = 5.0;
				TARGETED_DEVICE_FAMILY = "1,2";
				TEST_TARGET_NAME = OfflineFirstDemo;
			};
			name = Release;
		};
/* End XCBuildConfiguration section */

/* Begin XCConfigurationList section */
		083D82192F55F38A00D8063E /* Build configuration list for PBXProject "OfflineFirstDemo" */ = {
			isa = XCConfigurationList;
			buildConfigurations = (
				083D823D2F55F38C00D8063E /* Debug */,
				083D823E2F55F38C00D8063E /* Release */,
			);
			defaultConfigurationIsVisible = 0;
			defaultConfigurationName = Release;
		};
		083D823F2F55F38C00D8063E /* Build configuration list for PBXNativeTarget "OfflineFirstDemo" */ = {
			isa = XCConfigurationList;
			buildConfigurations = (
				083D82402F55F38C00D8063E /* Debug */,
				083D82412F55F38C00D8063E /* Release */,
			);
			defaultConfigurationIsVisible = 0;
			defaultConfigurationName = Release;
		};
		083D82422F55F38C00D8063E /* Build configuration list for PBXNativeTarget "OfflineFirstDemoTests" */ = {
			isa = XCConfigurationList;
			buildConfigurations = (
				083D82432F55F38C00D8063E /* Debug */,
				083D82442F55F38C00D8063E /* Release */,
			);
			defaultConfigurationIsVisible = 0;
			defaultConfigurationName = Release;
		};
		083D82452F55F38C00D8063E /* Build configuration list for PBXNativeTarget "OfflineFirstDemoUITests" */ = {
			isa = XCConfigurationList;
			buildConfigurations = (
				083D82462F55F38C00D8063E /* Debug */,
				083D82472F55F38C00D8063E /* Release */,
			);
			defaultConfigurationIsVisible = 0;
			defaultConfigurationName = Release;
		};
/* End XCConfigurationList section */
	};
	rootObject = 083D82162F55F38A00D8063E /* Project object */;
}
